
Microsoft Visual Studio Solution File, Format Version 12.00
# Visual Studio Version 17
VisualStudioVersion = 17.9.34701.34
MinimumVisualStudioVersion = 10.0.40219.1
Project("{FAE04EC0-301F-11D3-BF4B-00C04F79EFBC}") = "IngresaMuestraPersona", "IngresaMuestraPersona.csproj", "{638E8B54-14BE-41AA-B056-A3FFB7A0E88F}"
EndProject
Global
	GlobalSection(SolutionConfigurationPlatforms) = preSolution
		Debug|Any CPU = Debug|Any CPU
		Release|Any CPU = Release|Any CPU
	EndGlobalSection
	GlobalSection(ProjectConfigurationPlatforms) = postSolution
		{638E8B54-14BE-41AA-B056-A3FFB7A0E88F}.Debug|Any CPU.ActiveCfg = Debug|Any CPU
		{638E8B54-14BE-41AA-B056-A3FFB7A0E88F}.Debug|Any CPU.Build.0 = Debug|Any CPU
		{638E8B54-14BE-41AA-B056-A3FFB7A0E88F}.Release|Any CPU.ActiveCfg = Release|Any CPU
		{638E8B54-14BE-41AA-B056-A3FFB7A0E88F}.Release|Any CPU.Build.0 = Release|Any CPU
	EndGlobalSection
	GlobalSection(SolutionProperties) = preSolution
		HideSolutionNode = FALSE
	EndGlobalSection
	GlobalSection(ExtensibilityGlobals) = postSolution
		SolutionGuid = {A894CE2D-2A91-4372-A285-B1EC6BFBB84E}
	EndGlobalSection
EndGlobal
